
Microsoft Visual Studio Solution File, Format Version 12.00
# Visual Studio Version 17
VisualStudioVersion = 17.7.34031.279
MinimumVisualStudioVersion = 10.0.40219.1
Project("{FAE04EC0-301F-11D3-BF4B-00C04F79EFBC}") = "WPFBank", "WPFBank\WPFBank.csproj", "{CE8A1366-C0CE-449C-885A-EFE9AE4C1BAE}"
EndProject
Global
	GlobalSection(SolutionConfigurationPlatforms) = preSolution
		Debug|Any CPU = Debug|Any CPU
		Release|Any CPU = Release|Any CPU
	EndGlobalSection
	GlobalSection(ProjectConfigurationPlatforms) = postSolution
		{CE8A1366-C0CE-449C-885A-EFE9AE4C1BAE}.Debug|Any CPU.ActiveCfg = Debug|Any CPU
		{CE8A1366-C0CE-449C-885A-EFE9AE4C1BAE}.Debug|Any CPU.Build.0 = Debug|Any CPU
		{CE8A1366-C0CE-449C-885A-EFE9AE4C1BAE}.Release|Any CPU.ActiveCfg = Release|Any CPU
		{CE8A1366-C0CE-449C-885A-EFE9AE4C1BAE}.Release|Any CPU.Build.0 = Release|Any CPU
	EndGlobalSection
	GlobalSection(SolutionProperties) = preSolution
		HideSolutionNode = FALSE
	EndGlobalSection
	GlobalSection(ExtensibilityGlobals) = postSolution
		SolutionGuid = {3DA15CC1-D799-4726-8FD0-EA4BDE45AA30}
	EndGlobalSection
EndGlobal
